
Microsoft Visual Studio Solution File, Format Version 12.00
# Visual Studio Version 16
VisualStudioVersion = 16.0.30804.86
MinimumVisualStudioVersion = 10.0.40219.1
Project("{FAE04EC0-301F-11D3-BF4B-00C04F79EFBC}") = "FloSnipped", "FloSnipped\FloSnipped.csproj", "{EE77AEED-3BED-4F16-A1F6-7E462E068A0F}"
EndProject
Global
	GlobalSection(SolutionConfigurationPlatforms) = preSolution
		Debug|Any CPU = Debug|Any CPU
		Release|Any CPU = Release|Any CPU
	EndGlobalSection
	GlobalSection(ProjectConfigurationPlatforms) = postSolution
		{EE77AEED-3BED-4F16-A1F6-7E462E068A0F}.Debug|Any CPU.ActiveCfg = Debug|Any CPU
		{EE77AEED-3BED-4F16-A1F6-7E462E068A0F}.Debug|Any CPU.Build.0 = Debug|Any CPU
		{EE77AEED-3BED-4F16-A1F6-7E462E068A0F}.Release|Any CPU.ActiveCfg = Release|Any CPU
		{EE77AEED-3BED-4F16-A1F6-7E462E068A0F}.Release|Any CPU.Build.0 = Release|Any CPU
	EndGlobalSection
	GlobalSection(SolutionProperties) = preSolution
		HideSolutionNode = FALSE
	EndGlobalSection
	GlobalSection(ExtensibilityGlobals) = postSolution
		SolutionGuid = {B3059AE3-116A-400E-8A3E-6A798DBAE095}
	EndGlobalSection
EndGlobal
